
Microsoft Visual Studio Solution File, Format Version 12.00
# Visual Studio Version 16
VisualStudioVersion = 16.0.31613.86
MinimumVisualStudioVersion = 10.0.40219.1
Project("{8BC9CEB8-8B4A-11D0-8D11-00A0C91BC942}") = "vs2019Build", "vs2019Build.vcxproj", "{70CE3D19-B9FE-4824-B8F6-0F7516D6363A}"
	ProjectSection(ProjectDependencies) = postProject
		{B43A293E-CE2E-4FE1-9459-9D7BE1E93C3A} = {B43A293E-CE2E-4FE1-9459-9D7BE1E93C3A}
	EndProjectSection
EndProject
Project("{8BC9CEB8-8B4A-11D0-8D11-00A0C91BC942}") = "libsamplerate", "libsamplerate.vcxproj", "{B43A293E-CE2E-4FE1-9459-9D7BE1E93C3A}"
EndProject
Global
	GlobalSection(SolutionConfigurationPlatforms) = preSolution
		Debug|x64 = Debug|x64
		Debug|x86 = Debug|x86
		Release|x64 = Release|x64
		Release|x86 = Release|x86
	EndGlobalSection
	GlobalSection(ProjectConfigurationPlatforms) = postSolution
		{70CE3D19-B9FE-4824-B8F6-0F7516D6363A}.Debug|x64.ActiveCfg = Debug|x64
		{70CE3D19-B9FE-4824-B8F6-0F7516D6363A}.Debug|x64.Build.0 = Debug|x64
		{70CE3D19-B9FE-4824-B8F6-0F7516D6363A}.Debug|x86.ActiveCfg = Debug|Win32
		{70CE3D19-B9FE-4824-B8F6-0F7516D6363A}.Debug|x86.Build.0 = Debug|Win32
		{70CE3D19-B9FE-4824-B8F6-0F7516D6363A}.Release|x64.ActiveCfg = Release|x64
		{70CE3D19-B9FE-4824-B8F6-0F7516D6363A}.Release|x64.Build.0 = Release|x64
		{70CE3D19-B9FE-4824-B8F6-0F7516D6363A}.Release|x86.ActiveCfg = Release|Win32
		{70CE3D19-B9FE-4824-B8F6-0F7516D6363A}.Release|x86.Build.0 = Release|Win32
		{B43A293E-CE2E-4FE1-9459-9D7BE1E93C3A}.Debug|x64.ActiveCfg = Debug|x64
		{B43A293E-CE2E-4FE1-9459-9D7BE1E93C3A}.Debug|x64.Build.0 = Debug|x64
		{B43A293E-CE2E-4FE1-9459-9D7BE1E93C3A}.Debug|x86.ActiveCfg = Debug|Win32
		{B43A293E-CE2E-4FE1-9459-9D7BE1E93C3A}.Debug|x86.Build.0 = Debug|Win32
		{B43A293E-CE2E-4FE1-9459-9D7BE1E93C3A}.Release|x64.ActiveCfg = Release|x64
		{B43A293E-CE2E-4FE1-9459-9D7BE1E93C3A}.Release|x64.Build.0 = Release|x64
		{B43A293E-CE2E-4FE1-9459-9D7BE1E93C3A}.Release|x86.ActiveCfg = Release|Win32
		{B43A293E-CE2E-4FE1-9459-9D7BE1E93C3A}.Release|x86.Build.0 = Release|Win32
	EndGlobalSection
	GlobalSection(SolutionProperties) = preSolution
		HideSolutionNode = FALSE
	EndGlobalSection
	GlobalSection(ExtensibilityGlobals) = postSolution
		SolutionGuid = {C73C8208-D7EF-4123-9E84-711F5590B476}
	EndGlobalSection
EndGlobal
